{
  "name": "ldapjs-crowd-server",
  "version": "1.0.0",
  "dependencies": {
    "coffee-script": {
      "version": "1.9.3",
      "from": "coffee-script@",
      "resolved": "https://registry.npmjs.org/coffee-script/-/coffee-script-1.9.3.tgz"
    },
    "ldapjs": {
      "version": "0.7.1",
      "from": "ldapjs@",
      "resolved": "https://registry.npmjs.org/ldapjs/-/ldapjs-0.7.1.tgz",
      "dependencies": {
        "asn1": {
          "version": "0.2.1",
          "from": "asn1@0.2.1",
          "resolved": "https://registry.npmjs.org/asn1/-/asn1-0.2.1.tgz"
        },
        "assert-plus": {
          "version": "0.1.5",
          "from": "assert-plus@0.1.5",
          "resolved": "https://registry.npmjs.org/assert-plus/-/assert-plus-0.1.5.tgz"
        },
        "bunyan": {
          "version": "0.22.1",
          "from": "bunyan@0.22.1",
          "resolved": "https://registry.npmjs.org/bunyan/-/bunyan-0.22.1.tgz",
          "dependencies": {
            "mv": {
              "version": "0.0.5",
              "from": "mv@0.0.5",
              "resolved": "https://registry.npmjs.org/mv/-/mv-0.0.5.tgz"
            }
          }
        },
        "nopt": {
          "version": "2.1.1",
          "from": "nopt@2.1.1",
          "resolved": "https://registry.npmjs.org/nopt/-/nopt-2.1.1.tgz",
          "dependencies": {
            "abbrev": {
              "version": "1.0.7",
              "from": "abbrev@1",
              "resolved": "https://registry.npmjs.org/abbrev/-/abbrev-1.0.7.tgz"
            }
          }
        },
        "pooling": {
          "version": "0.4.6",
          "from": "pooling@0.4.6",
          "resolved": "https://registry.npmjs.org/pooling/-/pooling-0.4.6.tgz",
          "dependencies": {
            "once": {
              "version": "1.3.0",
              "from": "once@1.3.0",
              "resolved": "https://registry.npmjs.org/once/-/once-1.3.0.tgz"
            },
            "vasync": {
              "version": "1.4.0",
              "from": "vasync@1.4.0",
              "resolved": "https://registry.npmjs.org/vasync/-/vasync-1.4.0.tgz",
              "dependencies": {
                "jsprim": {
                  "version": "0.3.0",
                  "from": "jsprim@0.3.0",
                  "resolved": "https://registry.npmjs.org/jsprim/-/jsprim-0.3.0.tgz",
                  "dependencies": {
                    "extsprintf": {
                      "version": "1.0.0",
                      "from": "extsprintf@1.0.0",
                      "resolved": "https://registry.npmjs.org/extsprintf/-/extsprintf-1.0.0.tgz"
                    },
                    "json-schema": {
                      "version": "0.2.2",
                      "from": "json-schema@0.2.2",
                      "resolved": "https://registry.npmjs.org/json-schema/-/json-schema-0.2.2.tgz"
                    },
                    "verror": {
                      "version": "1.3.3",
                      "from": "verror@1.3.3",
                      "resolved": "https://registry.npmjs.org/verror/-/verror-1.3.3.tgz"
                    }
                  }
                },
                "verror": {
                  "version": "1.1.0",
                  "from": "verror@1.1.0",
                  "resolved": "https://registry.npmjs.org/verror/-/verror-1.1.0.tgz",
                  "dependencies": {
                    "extsprintf": {
                      "version": "1.0.0",
                      "from": "extsprintf@1.0.0",
                      "resolved": "https://registry.npmjs.org/extsprintf/-/extsprintf-1.0.0.tgz"
                    }
                  }
                }
              }
            }
          }
        },
        "dtrace-provider": {
          "version": "0.2.8",
          "from": "dtrace-provider@0.2.8",
          "resolved": "https://registry.npmjs.org/dtrace-provider/-/dtrace-provider-0.2.8.tgz"
        }
      }
    },
    "ldapjs-crowd": {
      "version": "1.0.0",
      "from": "git+https://github.com/pghalliday/ldapjs-crowd.git",
      "resolved": "git+https://github.com/pghalliday/ldapjs-crowd.git#1a4f03c5106935c540eff185ee88dea450c658fa",
      "dependencies": {
        "atlassian-crowd-client": {
          "version": "1.1.1",
          "from": "git+https://github.com/pghalliday/atlassian-crowd-client.git",
          "resolved": "git+https://github.com/pghalliday/atlassian-crowd-client.git#74d5c28311af719210c065b503c37cf318eaf9b5",
          "dependencies": {
            "core-js": {
              "version": "0.9.18",
              "from": "core-js@>=0.9.18 <0.10.0",
              "resolved": "https://registry.npmjs.org/core-js/-/core-js-0.9.18.tgz"
            }
          }
        }
      }
    },
    "q": {
      "version": "1.4.1",
      "from": "q@",
      "resolved": "https://registry.npmjs.org/q/-/q-1.4.1.tgz"
    }
  }
}
